{
  "name": "Javascript",
  "lockfileVersion": 2,
  "requires": true,
  "packages": {
    "": {
      "dependencies": {
        "@sweetalert2/themes": "^5.0.11",
        "bootstrap": "^4.0.0-beta.2",
        "datatables.net": "^1.12.1",
        "datatables.net-autofill": "^2.4.0",
        "datatables.net-autofill-dt": "^2.4.0",
        "datatables.net-buttons": "^2.2.3",
        "datatables.net-buttons-dt": "^2.2.3",
        "datatables.net-dt": "^1.12.1",
        "datatables.net-fixedcolumns": "^4.1.0",
        "datatables.net-fixedcolumns-dt": "^4.1.0",
        "datatables.net-fixedheader": "^3.2.4",
        "datatables.net-fixedheader-dt": "^3.2.4",
        "jquery": "^1.12.4",
        "popper.js": "^1.16.1",
        "sweetalert2": "^11.4.26"
      }
    },
    "node_modules/@sweetalert2/themes": {
      "version": "5.0.11",
      "resolved": "https://registry.npmjs.org/@sweetalert2/themes/-/themes-5.0.11.tgz",
      "integrity": "sha512-2i7YpRNMjTCRzHQJwUhvhRNqctcrTGejpAKnycPL1nsRrhdDMxNDIleMkac8FA/tEq9riR1174qzd8HtLmzzVA==",
      "peerDependencies": {
        "sweetalert2": "^11.0.0"
      }
    },
    "node_modules/bootstrap": {
      "version": "4.0.0-beta.2",
      "resolved": "https://registry.npmjs.org/bootstrap/-/bootstrap-4.0.0-beta.2.tgz",
      "integrity": "sha512-DzGtdTlKbrMoGMpz0LigKSqJ+MgtFKxA791PU/q062OlRG0HybNZcTLH7rpDAmLS66Y3esN9yzKHLLbqa5UR3w==",
      "engines": {
        "node": ">=6"
      },
      "peerDependencies": {
        "jquery": "1.9.1 - 3",
        "popper.js": "^1.12.3"
      }
    },
    "node_modules/datatables.net": {
      "version": "1.12.1",
      "resolved": "https://registry.npmjs.org/datatables.net/-/datatables.net-1.12.1.tgz",
      "integrity": "sha512-e6XAMUoV41JdQPS/r9YRfRcmTPcCVvyZbWI+xog1Zg+kjVliMQbEkvWK5XFItmi64Cvwg+IqsZbTUJ1KSY3umA==",
      "dependencies": {
        "jquery": ">=1.7"
      }
    },
    "node_modules/datatables.net-autofill": {
      "version": "2.4.0",
      "resolved": "https://registry.npmjs.org/datatables.net-autofill/-/datatables.net-autofill-2.4.0.tgz",
      "integrity": "sha512-qUUSXJv5rNx2TrAltq/RP/PK0UC/l5x3FMv9TEzeR4NYh0FCEeNlzdwz7QYWTi0nR+iW126SQbPAvkHVJdLEiA==",
      "dependencies": {
        "datatables.net": ">=1.11.3",
        "jquery": ">=1.7"
      }
    },
    "node_modules/datatables.net-autofill-dt": {
      "version": "2.4.0",
      "resolved": "https://registry.npmjs.org/datatables.net-autofill-dt/-/datatables.net-autofill-dt-2.4.0.tgz",
      "integrity": "sha512-8t0lUyfPUjcE74xzX+9E5CsHNpwraXzCs/qOQgsycF3E0T99E/OgKl4s8ujcXelJK9JRvnXm/EILtRtq7K0mmw==",
      "dependencies": {
        "datatables.net-autofill": ">=2.3.7",
        "datatables.net-dt": ">=1.11.3",
        "jquery": ">=1.7"
      }
    },
    "node_modules/datatables.net-buttons": {
      "version": "2.2.3",
      "resolved": "https://registry.npmjs.org/datatables.net-buttons/-/datatables.net-buttons-2.2.3.tgz",
      "integrity": "sha512-9Xz52grBQxAgs6Meo+j/8koxrhnINt0fTc9tLYYb4UHxgtM2BzTGV4NA8KxXGxVjslem41e0quC5eXpXt9d4tw==",
      "dependencies": {
        "datatables.net": ">=1.11.3",
        "jquery": ">=1.7"
      }
    },
    "node_modules/datatables.net-buttons-dt": {
      "version": "2.2.3",
      "resolved": "https://registry.npmjs.org/datatables.net-buttons-dt/-/datatables.net-buttons-dt-2.2.3.tgz",
      "integrity": "sha512-PSS8u3pWnIoniRY+VpVKjJLgXrGxPyFx1ttJW1EQ7zjQDJkM+1eXI802BIcXka/6OkZ2wQjrn4ykmgRASJ0p0w==",
      "dependencies": {
        "datatables.net-buttons": ">=2.0.1",
        "datatables.net-dt": ">=1.11.3",
        "jquery": ">=1.7"
      }
    },
    "node_modules/datatables.net-dt": {
      "version": "1.12.1",
      "resolved": "https://registry.npmjs.org/datatables.net-dt/-/datatables.net-dt-1.12.1.tgz",
      "integrity": "sha512-HYsHbSYqOqlgsgjKMH/kkCB5455t51GmmtXRxgnDMRbjPLEIKo5CZmAlUe5mdD/RVPRtAUaj5K3SDlkEZ1bUmw==",
      "dependencies": {
        "datatables.net": ">=1.11.3",
        "jquery": ">=1.7"
      }
    },
    "node_modules/datatables.net-fixedcolumns": {
      "version": "4.1.0",
      "resolved": "https://registry.npmjs.org/datatables.net-fixedcolumns/-/datatables.net-fixedcolumns-4.1.0.tgz",
      "integrity": "sha512-pxJrfs8PI/DAA1nsteEqUK3uzJ/mPQRMg1ILugOSAY+3RA//RZZhVhiHRptMrUXpkC4lko3brc/PgXEHV+VX9g==",
      "dependencies": {
        "datatables.net": ">=1.11.3",
        "jquery": ">=1.7"
      }
    },
    "node_modules/datatables.net-fixedcolumns-dt": {
      "version": "4.1.0",
      "resolved": "https://registry.npmjs.org/datatables.net-fixedcolumns-dt/-/datatables.net-fixedcolumns-dt-4.1.0.tgz",
      "integrity": "sha512-dSTkx5fJcHaAr0Bw5IMTNrdJWtNkm5AyYEkO4UIcWeJqKZpaGf9jfZAYtStk/pbli8Ybp892ZJ+QTiHJBv734Q==",
      "dependencies": {
        "datatables.net-dt": ">=1.11.3",
        "datatables.net-fixedcolumns": ">=4.0.0",
        "jquery": ">=1.7"
      }
    },
    "node_modules/datatables.net-fixedheader": {
      "version": "3.2.4",
      "resolved": "https://registry.npmjs.org/datatables.net-fixedheader/-/datatables.net-fixedheader-3.2.4.tgz",
      "integrity": "sha512-LuQHrnbXE+69vMu21+g67xPj5PGDBhYcSz5sexUlo5K/yNFJhvzpWeBEjcWI6u9iu0ZlvMmC1yRAVrKqYRAcBQ==",
      "dependencies": {
        "datatables.net": ">=1.11.3",
        "jquery": ">=1.7"
      }
    },
    "node_modules/datatables.net-fixedheader-dt": {
      "version": "3.2.4",
      "resolved": "https://registry.npmjs.org/datatables.net-fixedheader-dt/-/datatables.net-fixedheader-dt-3.2.4.tgz",
      "integrity": "sha512-JtZDNNwYVFfGomRfZqRqzOtTIibA/rEmDhJntdjLiu2aJsJ++Kok1jbzKBkvTQ/2eW5+RwseYIqRu1LPIAHqCw==",
      "dependencies": {
        "datatables.net-dt": ">=1.11.3",
        "datatables.net-fixedheader": ">=3.2.0",
        "jquery": ">=1.7"
      }
    },
    "node_modules/jquery": {
      "version": "1.12.4",
      "resolved": "https://registry.npmjs.org/jquery/-/jquery-1.12.4.tgz",
      "integrity": "sha512-UEVp7PPK9xXYSk8xqXCJrkXnKZtlgWkd2GsAQbMRFK6S/ePU2JN5G2Zum8hIVjzR3CpdfSqdqAzId/xd4TJHeg=="
    },
    "node_modules/popper.js": {
      "version": "1.16.1",
      "resolved": "https://registry.npmjs.org/popper.js/-/popper.js-1.16.1.tgz",
      "integrity": "sha512-Wb4p1J4zyFTbM+u6WuO4XstYx4Ky9Cewe4DWrel7B0w6VVICvPwdOpotjzcf6eD8TsckVnIMNONQyPIUFOUbCQ==",
      "deprecated": "You can find the new Popper v2 at @popperjs/core, this package is dedicated to the legacy v1",
      "funding": {
        "type": "opencollective",
        "url": "https://opencollective.com/popperjs"
      }
    },
    "node_modules/sweetalert2": {
      "version": "11.4.26",
      "resolved": "https://registry.npmjs.org/sweetalert2/-/sweetalert2-11.4.26.tgz",
      "integrity": "sha512-YqH/C6IPudeWVK9R0x3pCOqP7m90Ae50tl98SQBpAwL3+UBl1WYD2+5OaKy0ybiVTKbYe76wwJ3PV+bITLjl+A==",
      "funding": {
        "type": "individual",
        "url": "https://sweetalert2.github.io/#donations"
      }
    }
  },
  "dependencies": {
    "@sweetalert2/themes": {
      "version": "5.0.11",
      "resolved": "https://registry.npmjs.org/@sweetalert2/themes/-/themes-5.0.11.tgz",
      "integrity": "sha512-2i7YpRNMjTCRzHQJwUhvhRNqctcrTGejpAKnycPL1nsRrhdDMxNDIleMkac8FA/tEq9riR1174qzd8HtLmzzVA==",
      "requires": {}
    },
    "bootstrap": {
      "version": "4.0.0-beta.2",
      "resolved": "https://registry.npmjs.org/bootstrap/-/bootstrap-4.0.0-beta.2.tgz",
      "integrity": "sha512-DzGtdTlKbrMoGMpz0LigKSqJ+MgtFKxA791PU/q062OlRG0HybNZcTLH7rpDAmLS66Y3esN9yzKHLLbqa5UR3w==",
      "requires": {}
    },
    "datatables.net": {
      "version": "1.12.1",
      "resolved": "https://registry.npmjs.org/datatables.net/-/datatables.net-1.12.1.tgz",
      "integrity": "sha512-e6XAMUoV41JdQPS/r9YRfRcmTPcCVvyZbWI+xog1Zg+kjVliMQbEkvWK5XFItmi64Cvwg+IqsZbTUJ1KSY3umA==",
      "requires": {
        "jquery": ">=1.7"
      }
    },
    "datatables.net-autofill": {
      "version": "2.4.0",
      "resolved": "https://registry.npmjs.org/datatables.net-autofill/-/datatables.net-autofill-2.4.0.tgz",
      "integrity": "sha512-qUUSXJv5rNx2TrAltq/RP/PK0UC/l5x3FMv9TEzeR4NYh0FCEeNlzdwz7QYWTi0nR+iW126SQbPAvkHVJdLEiA==",
      "requires": {
        "datatables.net": ">=1.11.3",
        "jquery": ">=1.7"
      }
    },
    "datatables.net-autofill-dt": {
      "version": "2.4.0",
      "resolved": "https://registry.npmjs.org/datatables.net-autofill-dt/-/datatables.net-autofill-dt-2.4.0.tgz",
      "integrity": "sha512-8t0lUyfPUjcE74xzX+9E5CsHNpwraXzCs/qOQgsycF3E0T99E/OgKl4s8ujcXelJK9JRvnXm/EILtRtq7K0mmw==",
      "requires": {
        "datatables.net-autofill": ">=2.3.7",
        "datatables.net-dt": ">=1.11.3",
        "jquery": ">=1.7"
      }
    },
    "datatables.net-buttons": {
      "version": "2.2.3",
      "resolved": "https://registry.npmjs.org/datatables.net-buttons/-/datatables.net-buttons-2.2.3.tgz",
      "integrity": "sha512-9Xz52grBQxAgs6Meo+j/8koxrhnINt0fTc9tLYYb4UHxgtM2BzTGV4NA8KxXGxVjslem41e0quC5eXpXt9d4tw==",
      "requires": {
        "datatables.net": ">=1.11.3",
        "jquery": ">=1.7"
      }
    },
    "datatables.net-buttons-dt": {
      "version": "2.2.3",
      "resolved": "https://registry.npmjs.org/datatables.net-buttons-dt/-/datatables.net-buttons-dt-2.2.3.tgz",
      "integrity": "sha512-PSS8u3pWnIoniRY+VpVKjJLgXrGxPyFx1ttJW1EQ7zjQDJkM+1eXI802BIcXka/6OkZ2wQjrn4ykmgRASJ0p0w==",
      "requires": {
        "datatables.net-buttons": ">=2.0.1",
        "datatables.net-dt": ">=1.11.3",
        "jquery": ">=1.7"
      }
    },
    "datatables.net-dt": {
      "version": "1.12.1",
      "resolved": "https://registry.npmjs.org/datatables.net-dt/-/datatables.net-dt-1.12.1.tgz",
      "integrity": "sha512-HYsHbSYqOqlgsgjKMH/kkCB5455t51GmmtXRxgnDMRbjPLEIKo5CZmAlUe5mdD/RVPRtAUaj5K3SDlkEZ1bUmw==",
      "requires": {
        "datatables.net": ">=1.11.3",
        "jquery": ">=1.7"
      }
    },
    "datatables.net-fixedcolumns": {
      "version": "4.1.0",
      "resolved": "https://registry.npmjs.org/datatables.net-fixedcolumns/-/datatables.net-fixedcolumns-4.1.0.tgz",
      "integrity": "sha512-pxJrfs8PI/DAA1nsteEqUK3uzJ/mPQRMg1ILugOSAY+3RA//RZZhVhiHRptMrUXpkC4lko3brc/PgXEHV+VX9g==",
      "requires": {
        "datatables.net": ">=1.11.3",
        "jquery": ">=1.7"
      }
    },
    "datatables.net-fixedcolumns-dt": {
      "version": "4.1.0",
      "resolved": "https://registry.npmjs.org/datatables.net-fixedcolumns-dt/-/datatables.net-fixedcolumns-dt-4.1.0.tgz",
      "integrity": "sha512-dSTkx5fJcHaAr0Bw5IMTNrdJWtNkm5AyYEkO4UIcWeJqKZpaGf9jfZAYtStk/pbli8Ybp892ZJ+QTiHJBv734Q==",
      "requires": {
        "datatables.net-dt": ">=1.11.3",
        "datatables.net-fixedcolumns": ">=4.0.0",
        "jquery": ">=1.7"
      }
    },
    "datatables.net-fixedheader": {
      "version": "3.2.4",
      "resolved": "https://registry.npmjs.org/datatables.net-fixedheader/-/datatables.net-fixedheader-3.2.4.tgz",
      "integrity": "sha512-LuQHrnbXE+69vMu21+g67xPj5PGDBhYcSz5sexUlo5K/yNFJhvzpWeBEjcWI6u9iu0ZlvMmC1yRAVrKqYRAcBQ==",
      "requires": {
        "datatables.net": ">=1.11.3",
        "jquery": ">=1.7"
      }
    },
    "datatables.net-fixedheader-dt": {
      "version": "3.2.4",
      "resolved": "https://registry.npmjs.org/datatables.net-fixedheader-dt/-/datatables.net-fixedheader-dt-3.2.4.tgz",
      "integrity": "sha512-JtZDNNwYVFfGomRfZqRqzOtTIibA/rEmDhJntdjLiu2aJsJ++Kok1jbzKBkvTQ/2eW5+RwseYIqRu1LPIAHqCw==",
      "requires": {
        "datatables.net-dt": ">=1.11.3",
        "datatables.net-fixedheader": ">=3.2.0",
        "jquery": ">=1.7"
      }
    },
    "jquery": {
      "version": "1.12.4",
      "resolved": "https://registry.npmjs.org/jquery/-/jquery-1.12.4.tgz",
      "integrity": "sha512-UEVp7PPK9xXYSk8xqXCJrkXnKZtlgWkd2GsAQbMRFK6S/ePU2JN5G2Zum8hIVjzR3CpdfSqdqAzId/xd4TJHeg=="
    },
    "popper.js": {
      "version": "1.16.1",
      "resolved": "https://registry.npmjs.org/popper.js/-/popper.js-1.16.1.tgz",
      "integrity": "sha512-Wb4p1J4zyFTbM+u6WuO4XstYx4Ky9Cewe4DWrel7B0w6VVICvPwdOpotjzcf6eD8TsckVnIMNONQyPIUFOUbCQ=="
    },
    "sweetalert2": {
      "version": "11.4.26",
      "resolved": "https://registry.npmjs.org/sweetalert2/-/sweetalert2-11.4.26.tgz",
      "integrity": "sha512-YqH/C6IPudeWVK9R0x3pCOqP7m90Ae50tl98SQBpAwL3+UBl1WYD2+5OaKy0ybiVTKbYe76wwJ3PV+bITLjl+A=="
    }
  }
}
